
Microsoft Visual Studio Solution File, Format Version 12.00
# Visual Studio Version 17
VisualStudioVersion = 17.0.31903.59
MinimumVisualStudioVersion = 10.0.40219.1
Project("{9A19103F-16F7-4668-BE54-9A1E7A4F7556}") = "LocalStore.Application", "LocalStore.Application\LocalStore.Application.csproj", "{070302EA-81C2-4BCA-BAED-C3B8B3878CAC}"
EndProject
Project("{9A19103F-16F7-4668-BE54-9A1E7A4F7556}") = "LocalStore.Commons", "LocalStore.Commons\LocalStore.Commons.csproj", "{798F0135-7172-4098-9999-27F9635B9ABD}"
EndProject
Project("{9A19103F-16F7-4668-BE54-9A1E7A4F7556}") = "LocalStore.Domain", "LocalStore.Domain\LocalStore.Domain\LocalStore.Domain.csproj", "{5EA7FE0B-5652-4769-8042-ACDD7007C5F7}"
EndProject
Project("{9A19103F-16F7-4668-BE54-9A1E7A4F7556}") = "LocalStore.Infrastructure", "LocalStore.Infrastructure\LocalStore.Infrastructure.csproj", "{D47AC0F5-A1CA-4E3E-8D7C-C83A14CC0004}"
EndProject
Project("{9A19103F-16F7-4668-BE54-9A1E7A4F7556}") = "LocalStore.UnitTests", "LocalStore.UnitTests\LocalStore.UnitTests.csproj", "{13AA15A1-3AB7-4031-B6BD-16E4524747F0}"
EndProject
Project("{9A19103F-16F7-4668-BE54-9A1E7A4F7556}") = "TestApplication", "TestApplication\TestApplication.csproj", "{7E747578-A2F4-4606-800F-91117B0E283B}"
EndProject
Global
	GlobalSection(SolutionConfigurationPlatforms) = preSolution
		Debug|Any CPU = Debug|Any CPU
		Release|Any CPU = Release|Any CPU
	EndGlobalSection
	GlobalSection(ProjectConfigurationPlatforms) = postSolution
		{070302EA-81C2-4BCA-BAED-C3B8B3878CAC}.Debug|Any CPU.ActiveCfg = Debug|Any CPU
		{070302EA-81C2-4BCA-BAED-C3B8B3878CAC}.Debug|Any CPU.Build.0 = Debug|Any CPU
		{070302EA-81C2-4BCA-BAED-C3B8B3878CAC}.Release|Any CPU.ActiveCfg = Release|Any CPU
		{070302EA-81C2-4BCA-BAED-C3B8B3878CAC}.Release|Any CPU.Build.0 = Release|Any CPU
		{798F0135-7172-4098-9999-27F9635B9ABD}.Debug|Any CPU.ActiveCfg = Debug|Any CPU
		{798F0135-7172-4098-9999-27F9635B9ABD}.Debug|Any CPU.Build.0 = Debug|Any CPU
		{798F0135-7172-4098-9999-27F9635B9ABD}.Release|Any CPU.ActiveCfg = Release|Any CPU
		{798F0135-7172-4098-9999-27F9635B9ABD}.Release|Any CPU.Build.0 = Release|Any CPU
		{5EA7FE0B-5652-4769-8042-ACDD7007C5F7}.Debug|Any CPU.ActiveCfg = Debug|Any CPU
		{5EA7FE0B-5652-4769-8042-ACDD7007C5F7}.Debug|Any CPU.Build.0 = Debug|Any CPU
		{5EA7FE0B-5652-4769-8042-ACDD7007C5F7}.Release|Any CPU.ActiveCfg = Release|Any CPU
		{5EA7FE0B-5652-4769-8042-ACDD7007C5F7}.Release|Any CPU.Build.0 = Release|Any CPU
		{D47AC0F5-A1CA-4E3E-8D7C-C83A14CC0004}.Debug|Any CPU.ActiveCfg = Debug|Any CPU
		{D47AC0F5-A1CA-4E3E-8D7C-C83A14CC0004}.Debug|Any CPU.Build.0 = Debug|Any CPU
		{D47AC0F5-A1CA-4E3E-8D7C-C83A14CC0004}.Release|Any CPU.ActiveCfg = Release|Any CPU
		{D47AC0F5-A1CA-4E3E-8D7C-C83A14CC0004}.Release|Any CPU.Build.0 = Release|Any CPU
		{13AA15A1-3AB7-4031-B6BD-16E4524747F0}.Debug|Any CPU.ActiveCfg = Debug|Any CPU
		{13AA15A1-3AB7-4031-B6BD-16E4524747F0}.Debug|Any CPU.Build.0 = Debug|Any CPU
		{13AA15A1-3AB7-4031-B6BD-16E4524747F0}.Release|Any CPU.ActiveCfg = Release|Any CPU
		{13AA15A1-3AB7-4031-B6BD-16E4524747F0}.Release|Any CPU.Build.0 = Release|Any CPU
		{7E747578-A2F4-4606-800F-91117B0E283B}.Debug|Any CPU.ActiveCfg = Debug|Any CPU
		{7E747578-A2F4-4606-800F-91117B0E283B}.Debug|Any CPU.Build.0 = Debug|Any CPU
		{7E747578-A2F4-4606-800F-91117B0E283B}.Release|Any CPU.ActiveCfg = Release|Any CPU
		{7E747578-A2F4-4606-800F-91117B0E283B}.Release|Any CPU.Build.0 = Release|Any CPU
	EndGlobalSection
	GlobalSection(SolutionProperties) = preSolution
		HideSolutionNode = FALSE
	EndGlobalSection
	GlobalSection(ExtensibilityGlobals) = postSolution
		SolutionGuid = {1FAED657-A263-4572-B1AF-C2C3D4C977B4}
	EndGlobalSection
EndGlobal
